<?xml version="1.0" encoding="utf-8"?>
<Project ToolsVersion="4.0" xmlns="http://schemas.microsoft.com/developer/msbuild/2003">
  <ItemGroup>
    <ClCompile Include="src\bitboard.cpp">
      <Filter>src</Filter>
    </ClCompile>
    <ClCompile Include="src\main.cpp">
      <Filter>src</Filter>
    </ClCompile>
    <ClCompile Include="src\tables.cpp">
      <Filter>src</Filter>
    </ClCompile>
    <ClCompile Include="src\types.cpp">
      <Filter>src</Filter>
    </ClCompile>
    <ClCompile Include="src\pregeneration.cpp">
      <Filter>src</Filter>
    </ClCompile>
  </ItemGroup>
  <ItemGroup>
    <ClInclude Include="resource.h">
      <Filter>vs</Filter>
    </ClInclude>
    <ClInclude Include="src\types.h">
      <Filter>src</Filter>
    </ClInclude>
    <ClInclude Include="src\bitboard.h">
      <Filter>src</Filter>
    </ClInclude>
    <ClInclude Include="src\tables.h">
      <Filter>src</Filter>
    </ClInclude>
    <ClInclude Include="src\pregeneration.h">
      <Filter>src</Filter>
    </ClInclude>
  </ItemGroup>
  <ItemGroup>
    <None Include="PropertySheet.props">
      <Filter>vs</Filter>
    </None>
    <None Include="packages.config">
      <Filter>vs</Filter>
    </None>
  </ItemGroup>
  <ItemGroup>
    <Filter Include="vs">
      <UniqueIdentifier>{195fd776-0ac4-4986-be33-4eb42eb7ee4b}</UniqueIdentifier>
    </Filter>
    <Filter Include="src">
      <UniqueIdentifier>{7612dfc2-928c-4a2a-aca4-a4f9ff88b792}</UniqueIdentifier>
    </Filter>
  </ItemGroup>
  <ItemGroup>
    <ResourceCompile Include="Chess Engine.rc">
      <Filter>vs</Filter>
    </ResourceCompile>
  </ItemGroup>
</Project>